Microsoft Visual Studio Solution File, Format Version 12.00
# Visual Studio Version 17
VisualStudioVersion = 17.5.2.0
MinimumVisualStudioVersion = 10.0.40219.1
Project("{FAE04EC0-301F-11D3-BF4B-00C04F79EFBC}") = "1202demoapp", "1202demoapp.csproj", "{973BC970-8393-0463-8ABD-D8B77C0F0FF4}"
EndProject
Global
	GlobalSection(SolutionConfigurationPlatforms) = preSolution
		Debug|Any CPU = Debug|Any CPU
		Release|Any CPU = Release|Any CPU
	EndGlobalSection
	GlobalSection(ProjectConfigurationPlatforms) = postSolution
		{973BC970-8393-0463-8ABD-D8B77C0F0FF4}.Debug|Any CPU.ActiveCfg = Debug|Any CPU
		{973BC970-8393-0463-8ABD-D8B77C0F0FF4}.Debug|Any CPU.Build.0 = Debug|Any CPU
		{973BC970-8393-0463-8ABD-D8B77C0F0FF4}.Release|Any CPU.ActiveCfg = Release|Any CPU
		{973BC970-8393-0463-8ABD-D8B77C0F0FF4}.Release|Any CPU.Build.0 = Release|Any CPU
	EndGlobalSection
	GlobalSection(SolutionProperties) = preSolution
		HideSolutionNode = FALSE
	EndGlobalSection
	GlobalSection(ExtensibilityGlobals) = postSolution
		SolutionGuid = {8E9E42A2-3B79-423C-AC20-07E2EFB342E2}
	EndGlobalSection
EndGlobal
