
Microsoft Visual Studio Solution File, Format Version 12.00
# Visual Studio Version 17
VisualStudioVersion = 17.14.36705.20 d17.14
MinimumVisualStudioVersion = 10.0.40219.1
Project("{FAE04EC0-301F-11D3-BF4B-00C04F79EFBC}") = "1202demoapp", "1202demoapp.csproj", "{FF651D48-DC41-4422-8315-F7683F36CE3E}"
EndProject
Global
	GlobalSection(SolutionConfigurationPlatforms) = preSolution
		Debug|Any CPU = Debug|Any CPU
		Release|Any CPU = Release|Any CPU
	EndGlobalSection
	GlobalSection(ProjectConfigurationPlatforms) = postSolution
		{FF651D48-DC41-4422-8315-F7683F36CE3E}.Debug|Any CPU.ActiveCfg = Debug|Any CPU
		{FF651D48-DC41-4422-8315-F7683F36CE3E}.Debug|Any CPU.Build.0 = Debug|Any CPU
		{FF651D48-DC41-4422-8315-F7683F36CE3E}.Release|Any CPU.ActiveCfg = Release|Any CPU
		{FF651D48-DC41-4422-8315-F7683F36CE3E}.Release|Any CPU.Build.0 = Release|Any CPU
	EndGlobalSection
	GlobalSection(SolutionProperties) = preSolution
		HideSolutionNode = FALSE
	EndGlobalSection
	GlobalSection(ExtensibilityGlobals) = postSolution
		SolutionGuid = {0A594B5F-7842-4A84-A6E2-7E8072A67536}
	EndGlobalSection
EndGlobal
